
Microsoft Visual Studio Solution File, Format Version 12.00
Project("{FAE04EC0-301F-11D3-BF4B-00C04F79EFBC}") = "BattleSnake2019", "BattleSnake2019\BattleSnake2019.csproj", "{8A183931-DC4C-4D5E-B5B7-44663847B9CC}"
EndProject
Global
	GlobalSection(SolutionConfigurationPlatforms) = preSolution
		Debug|Any CPU = Debug|Any CPU
		Release|Any CPU = Release|Any CPU
	EndGlobalSection
	GlobalSection(ProjectConfigurationPlatforms) = postSolution
		{8A183931-DC4C-4D5E-B5B7-44663847B9CC}.Debug|Any CPU.ActiveCfg = Debug|Any CPU
		{8A183931-DC4C-4D5E-B5B7-44663847B9CC}.Debug|Any CPU.Build.0 = Debug|Any CPU
		{8A183931-DC4C-4D5E-B5B7-44663847B9CC}.Release|Any CPU.ActiveCfg = Release|Any CPU
		{8A183931-DC4C-4D5E-B5B7-44663847B9CC}.Release|Any CPU.Build.0 = Release|Any CPU
	EndGlobalSection
EndGlobal
